// !$*UTF8*$!
{
	archiveVersion = 1;
	classes = {
	};
	objectVersion = 56;
	objects = {

/* Begin PBXBuildFile section */
		848B028A2B44E190002E84B3 /* AppDelegate.swift in Sources */ = {isa = PBXBuildFile; fileRef = 848B02892B44E190002E84B3 /* AppDelegate.swift */; };
		848B028C2B44E190002E84B3 /* SceneDelegate.swift in Sources */ = {isa = PBXBuildFile; fileRef = 848B028B2B44E190002E84B3 /* SceneDelegate.swift */; };
		848B028E2B44E190002E84B3 /* ViewController.swift in Sources */ = {isa = PBXBuildFile; fileRef = 848B028D2B44E190002E84B3 /* ViewController.swift */; };
		848B02912B44E190002E84B3 /* Main.storyboard in Resources */ = {isa = PBXBuildFile; fileRef = 848B028F2B44E190002E84B3 /* Main.storyboard */; };
		848B02932B44E192002E84B3 /* Assets.xcassets in Resources */ = {isa = PBXBuildFile; fileRef = 848B02922B44E192002E84B3 /* Assets.xcassets */; };
		848B02962B44E192002E84B3 /* LaunchScreen.storyboard in Resources */ = {isa = PBXBuildFile; fileRef = 848B02942B44E192002E84B3 /* LaunchScreen.storyboard */; };
		848B02A12B44E192002E84B3 /* RandomColoursTests.swift in Sources */ = {isa = PBXBuildFile; fileRef = 848B02A02B44E192002E84B3 /* RandomColoursTests.swift */; };
		848B02AB2B44E192002E84B3 /* RandomColoursUITests.swift in Sources */ = {isa = PBXBuildFile; fileRef = 848B02AA2B44E192002E84B3 /* RandomColoursUITests.swift */; };
		848B02AD2B44E192002E84B3 /* RandomColoursUITestsLaunchTests.swift in Sources */ = {isa = PBXBuildFile; fileRef = 848B02AC2B44E192002E84B3 /* RandomColoursUITestsLaunchTests.swift */; };
		848B02BA2B44EE1A002E84B3 /* ColoursTableVC.swift in Sources */ = {isa = PBXBuildFile; fileRef = 848B02B92B44EE1A002E84B3 /* ColoursTableVC.swift */; };
		848B02BC2B44F2DB002E84B3 /* ColoursDetailVC.swift in Sources */ = {isa = PBXBuildFile; fileRef = 848B02BB2B44F2DA002E84B3 /* ColoursDetailVC.swift */; };
		848B02BE2B45F960002E84B3 /* UIColor+Ext.swift in Sources */ = {isa = PBXBuildFile; fileRef = 848B02BD2B45F960002E84B3 /* UIColor+Ext.swift */; };
/* End PBXBuildFile section */

/* Begin PBXContainerItemProxy section */
		848B029D2B44E192002E84B3 /* PBXContainerItemProxy */ = {
			isa = PBXContainerItemProxy;
			containerPortal = 848B027E2B44E190002E84B3 /* Project object */;
			proxyType = 1;
			remoteGlobalIDString = 848B02852B44E190002E84B3;
			remoteInfo = RandomColours;
		};
		848B02A72B44E192002E84B3 /* PBXContainerItemProxy */ = {
			isa = PBXContainerItemProxy;
			containerPortal = 848B027E2B44E190002E84B3 /* Project object */;
			proxyType = 1;
			remoteGlobalIDString = 848B02852B44E190002E84B3;
			remoteInfo = RandomColours;
		};
/* End PBXContainerItemProxy section */

/* Begin PBXFileReference section */
		848B02862B44E190002E84B3 /* RandomColours.app */ = {isa = PBXFileReference; explicitFileType = wrapper.application; includeInIndex = 0; path = RandomColours.app; sourceTree = BUILT_PRODUCTS_DIR; };
		848B02892B44E190002E84B3 /* AppDelegate.swift */ = {isa = PBXFileReference; lastKnownFileType = sourcecode.swift; path = AppDelegate.swift; sourceTree = "<group>"; };
		848B028B2B44E190002E84B3 /* SceneDelegate.swift */ = {isa = PBXFileReference; lastKnownFileType = sourcecode.swift; path = SceneDelegate.swift; sourceTree = "<group>"; };
		848B028D2B44E190002E84B3 /* ViewController.swift */ = {isa = PBXFileReference; lastKnownFileType = sourcecode.swift; path = ViewController.swift; sourceTree = "<group>"; };
		848B02902B44E190002E84B3 /* Base */ = {isa = PBXFileReference; lastKnownFileType = file.storyboard; name = Base; path = Base.lproj/Main.storyboard; sourceTree = "<group>"; };
		848B02922B44E192002E84B3 /* Assets.xcassets */ = {isa = PBXFileReference; lastKnownFileType = folder.assetcatalog; path = Assets.xcassets; sourceTree = "<group>"; };
		848B02952B44E192002E84B3 /* Base */ = {isa = PBXFileReference; lastKnownFileType = file.storyboard; name = Base; path = Base.lproj/LaunchScreen.storyboard; sourceTree = "<group>"; };
		848B02972B44E192002E84B3 /* Info.plist */ = {isa = PBXFileReference; lastKnownFileType = text.plist.xml; path = Info.plist; sourceTree = "<group>"; };
		848B029C2B44E192002E84B3 /* RandomColoursTests.xctest */ = {isa = PBXFileReference; explicitFileType = wrapper.cfbundle; includeInIndex = 0; path = RandomColoursTests.xctest; sourceTree = BUILT_PRODUCTS_DIR; };
		848B02A02B44E192002E84B3 /* RandomColoursTests.swift */ = {isa = PBXFileReference; lastKnownFileType = sourcecode.swift; path = RandomColoursTests.swift; sourceTree = "<group>"; };
		848B02A62B44E192002E84B3 /* RandomColoursUITests.xctest */ = {isa = PBXFileReference; explicitFileType = wrapper.cfbundle; includeInIndex = 0; path = RandomColoursUITests.xctest; sourceTree = BUILT_PRODUCTS_DIR; };
		848B02AA2B44E192002E84B3 /* RandomColoursUITests.swift */ = {isa = PBXFileReference; lastKnownFileType = sourcecode.swift; path = RandomColoursUITests.swift; sourceTree = "<group>"; };
		848B02AC2B44E192002E84B3 /* RandomColoursUITestsLaunchTests.swift */ = {isa = PBXFileReference; lastKnownFileType = sourcecode.swift; path = RandomColoursUITestsLaunchTests.swift; sourceTree = "<group>"; };
		848B02B92B44EE1A002E84B3 /* ColoursTableVC.swift */ = {isa = PBXFileReference; lastKnownFileType = sourcecode.swift; path = ColoursTableVC.swift; sourceTree = "<group>"; };
		848B02BB2B44F2DA002E84B3 /* ColoursDetailVC.swift */ = {isa = PBXFileReference; lastKnownFileType = sourcecode.swift; path = ColoursDetailVC.swift; sourceTree = "<group>"; };
		848B02BD2B45F960002E84B3 /* UIColor+Ext.swift */ = {isa = PBXFileReference; lastKnownFileType = sourcecode.swift; path = "UIColor+Ext.swift"; sourceTree = "<group>"; };
/* End PBXFileReference section */

/* Begin PBXFrameworksBuildPhase section */
		848B02832B44E190002E84B3 /* Frameworks */ = {
			isa = PBXFrameworksBuildPhase;
			buildActionMask = 2147483647;
			files = (
			);
			runOnlyForDeploymentPostprocessing = 0;
		};
		848B02992B44E192002E84B3 /* Frameworks */ = {
			isa = PBXFrameworksBuildPhase;
			buildActionMask = 2147483647;
			files = (
			);
			runOnlyForDeploymentPostprocessing = 0;
		};
		848B02A32B44E192002E84B3 /* Frameworks */ = {
			isa = PBXFrameworksBuildPhase;
			buildActionMask = 2147483647;
			files = (
			);
			runOnlyForDeploymentPostprocessing = 0;
		};
/* End PBXFrameworksBuildPhase section */

/* Begin PBXGroup section */
		848B027D2B44E190002E84B3 = {
			isa = PBXGroup;
			children = (
				848B02882B44E190002E84B3 /* RandomColours */,
				848B029F2B44E192002E84B3 /* RandomColoursTests */,
				848B02A92B44E192002E84B3 /* RandomColoursUITests */,
				848B02872B44E190002E84B3 /* Products */,
			);
			sourceTree = "<group>";
		};
		848B02872B44E190002E84B3 /* Products */ = {
			isa = PBXGroup;
			children = (
				848B02862B44E190002E84B3 /* RandomColours.app */,
				848B029C2B44E192002E84B3 /* RandomColoursTests.xctest */,
				848B02A62B44E192002E84B3 /* RandomColoursUITests.xctest */,
			);
			name = Products;
			sourceTree = "<group>";
		};
		848B02882B44E190002E84B3 /* RandomColours */ = {
			isa = PBXGroup;
			children = (
				848B02892B44E190002E84B3 /* AppDelegate.swift */,
				848B028B2B44E190002E84B3 /* SceneDelegate.swift */,
				848B028D2B44E190002E84B3 /* ViewController.swift */,
				848B028F2B44E190002E84B3 /* Main.storyboard */,
				848B02B92B44EE1A002E84B3 /* ColoursTableVC.swift */,
				848B02BB2B44F2DA002E84B3 /* ColoursDetailVC.swift */,
				848B02BD2B45F960002E84B3 /* UIColor+Ext.swift */,
				848B02922B44E192002E84B3 /* Assets.xcassets */,
				848B02942B44E192002E84B3 /* LaunchScreen.storyboard */,
				848B02972B44E192002E84B3 /* Info.plist */,
			);
			path = RandomColours;
			sourceTree = "<group>";
		};
		848B029F2B44E192002E84B3 /* RandomColoursTests */ = {
			isa = PBXGroup;
			children = (
				848B02A02B44E192002E84B3 /* RandomColoursTests.swift */,
			);
			path = RandomColoursTests;
			sourceTree = "<group>";
		};
		848B02A92B44E192002E84B3 /* RandomColoursUITests */ = {
			isa = PBXGroup;
			children = (
				848B02AA2B44E192002E84B3 /* RandomColoursUITests.swift */,
				848B02AC2B44E192002E84B3 /* RandomColoursUITestsLaunchTests.swift */,
			);
			path = RandomColoursUITests;
			sourceTree = "<group>";
		};
/* End PBXGroup section */

/* Begin PBXNativeTarget section */
		848B02852B44E190002E84B3 /* RandomColours */ = {
			isa = PBXNativeTarget;
			buildConfigurationList = 848B02B02B44E192002E84B3 /* Build configuration list for PBXNativeTarget "RandomColours" */;
			buildPhases = (
				848B02822B44E190002E84B3 /* Sources */,
				848B02832B44E190002E84B3 /* Frameworks */,
				848B02842B44E190002E84B3 /* Resources */,
			);
			buildRules = (
			);
			dependencies = (
			);
			name = RandomColours;
			productName = RandomColours;
			productReference = 848B02862B44E190002E84B3 /* RandomColours.app */;
			productType = "com.apple.product-type.application";
		};
		848B029B2B44E192002E84B3 /* RandomColoursTests */ = {
			isa = PBXNativeTarget;
			buildConfigurationList = 848B02B32B44E192002E84B3 /* Build configuration list for PBXNativeTarget "RandomColoursTests" */;
			buildPhases = (
				848B02982B44E192002E84B3 /* Sources */,
				848B02992B44E192002E84B3 /* Frameworks */,
				848B029A2B44E192002E84B3 /* Resources */,
			);
			buildRules = (
			);
			dependencies = (
				848B029E2B44E192002E84B3 /* PBXTargetDependency */,
			);
			name = RandomColoursTests;
			productName = RandomColoursTests;
			productReference = 848B029C2B44E192002E84B3 /* RandomColoursTests.xctest */;
			productType = "com.apple.product-type.bundle.unit-test";
		};
		848B02A52B44E192002E84B3 /* RandomColoursUITests */ = {
			isa = PBXNativeTarget;
			buildConfigurationList = 848B02B62B44E192002E84B3 /* Build configuration list for PBXNativeTarget "RandomColoursUITests" */;
			buildPhases = (
				848B02A22B44E192002E84B3 /* Sources */,
				848B02A32B44E192002E84B3 /* Frameworks */,
				848B02A42B44E192002E84B3 /* Resources */,
			);
			buildRules = (
			);
			dependencies = (
				848B02A82B44E192002E84B3 /* PBXTargetDependency */,
			);
			name = RandomColoursUITests;
			productName = RandomColoursUITests;
			productReference = 848B02A62B44E192002E84B3 /* RandomColoursUITests.xctest */;
			productType = "com.apple.product-type.bundle.ui-testing";
		};
/* End PBXNativeTarget section */

/* Begin PBXProject section */
		848B027E2B44E190002E84B3 /* Project object */ = {
			isa = PBXProject;
			attributes = {
				BuildIndependentTargetsInParallel = 1;
				LastSwiftUpdateCheck = 1430;
				LastUpgradeCheck = 1430;
				TargetAttributes = {
					848B02852B44E190002E84B3 = {
						CreatedOnToolsVersion = 14.3;
					};
					848B029B2B44E192002E84B3 = {
						CreatedOnToolsVersion = 14.3;
						TestTargetID = 848B02852B44E190002E84B3;
					};
					848B02A52B44E192002E84B3 = {
						CreatedOnToolsVersion = 14.3;
						TestTargetID = 848B02852B44E190002E84B3;
					};
				};
			};
			buildConfigurationList = 848B02812B44E190002E84B3 /* Build configuration list for PBXProject "RandomColours" */;
			compatibilityVersion = "Xcode 14.0";
			developmentRegion = en;
			hasScannedForEncodings = 0;
			knownRegions = (
				en,
				Base,
			);
			mainGroup = 848B027D2B44E190002E84B3;
			productRefGroup = 848B02872B44E190002E84B3 /* Products */;
			projectDirPath = "";
			projectRoot = "";
			targets = (
				848B02852B44E190002E84B3 /* RandomColours */,
				848B029B2B44E192002E84B3 /* RandomColoursTests */,
				848B02A52B44E192002E84B3 /* RandomColoursUITests */,
			);
		};
/* End PBXProject section */

/* Begin PBXResourcesBuildPhase section */
		848B02842B44E190002E84B3 /* Resources */ = {
			isa = PBXResourcesBuildPhase;
			buildActionMask = 2147483647;
			files = (
				848B02962B44E192002E84B3 /* LaunchScreen.storyboard in Resources */,
				848B02932B44E192002E84B3 /* Assets.xcassets in Resources */,
				848B02912B44E190002E84B3 /* Main.storyboard in Resources */,
			);
			runOnlyForDeploymentPostprocessing = 0;
		};
		848B029A2B44E192002E84B3 /* Resources */ = {
			isa = PBXResourcesBuildPhase;
			buildActionMask = 2147483647;
			files = (
			);
			runOnlyForDeploymentPostprocessing = 0;
		};
		848B02A42B44E192002E84B3 /* Resources */ = {
			isa = PBXResourcesBuildPhase;
			buildActionMask = 2147483647;
			files = (
			);
			runOnlyForDeploymentPostprocessing = 0;
		};
/* End PBXResourcesBuildPhase section */

/* Begin PBXSourcesBuildPhase section */
		848B02822B44E190002E84B3 /* Sources */ = {
			isa = PBXSourcesBuildPhase;
			buildActionMask = 2147483647;
			files = (
				848B028E2B44E190002E84B3 /* ViewController.swift in Sources */,
				848B028A2B44E190002E84B3 /* AppDelegate.swift in Sources */,
				848B028C2B44E190002E84B3 /* SceneDelegate.swift in Sources */,
				848B02BE2B45F960002E84B3 /* UIColor+Ext.swift in Sources */,
				848B02BC2B44F2DB002E84B3 /* ColoursDetailVC.swift in Sources */,
				848B02BA2B44EE1A002E84B3 /* ColoursTableVC.swift in Sources */,
			);
			runOnlyForDeploymentPostprocessing = 0;
		};
		848B02982B44E192002E84B3 /* Sources */ = {
			isa = PBXSourcesBuildPhase;
			buildActionMask = 2147483647;
			files = (
				848B02A12B44E192002E84B3 /* RandomColoursTests.swift in Sources */,
			);
			runOnlyForDeploymentPostprocessing = 0;
		};
		848B02A22B44E192002E84B3 /* Sources */ = {
			isa = PBXSourcesBuildPhase;
			buildActionMask = 2147483647;
			files = (
				848B02AB2B44E192002E84B3 /* RandomColoursUITests.swift in Sources */,
				848B02AD2B44E192002E84B3 /* RandomColoursUITestsLaunchTests.swift in Sources */,
			);
			runOnlyForDeploymentPostprocessing = 0;
		};
/* End PBXSourcesBuildPhase section */

/* Begin PBXTargetDependency section */
		848B029E2B44E192002E84B3 /* PBXTargetDependency */ = {
			isa = PBXTargetDependency;
			target = 848B02852B44E190002E84B3 /* RandomColours */;
			targetProxy = 848B029D2B44E192002E84B3 /* PBXContainerItemProxy */;
		};
		848B02A82B44E192002E84B3 /* PBXTargetDependency */ = {
			isa = PBXTargetDependency;
			target = 848B02852B44E190002E84B3 /* RandomColours */;
			targetProxy = 848B02A72B44E192002E84B3 /* PBXContainerItemProxy */;
		};
/* End PBXTargetDependency section */

/* Begin PBXVariantGroup section */
		848B028F2B44E190002E84B3 /* Main.storyboard */ = {
			isa = PBXVariantGroup;
			children = (
				848B02902B44E190002E84B3 /* Base */,
			);
			name = Main.storyboard;
			sourceTree = "<group>";
		};
		848B02942B44E192002E84B3 /* LaunchScreen.storyboard */ = {
			isa = PBXVariantGroup;
			children = (
				848B02952B44E192002E84B3 /* Base */,
			);
			name = LaunchScreen.storyboard;
			sourceTree = "<group>";
		};
/* End PBXVariantGroup section */

/* Begin XCBuildConfiguration section */
		848B02AE2B44E192002E84B3 /* Debug */ = {
			isa = XCBuildConfiguration;
			buildSettings = {
				ALWAYS_SEARCH_USER_PATHS = NO;
				CLANG_ANALYZER_NONNULL = YES;
				CLANG_ANALYZER_NUMBER_OBJECT_CONVERSION = YES_AGGRESSIVE;
				CLANG_CXX_LANGUAGE_STANDARD = "gnu++20";
				CLANG_ENABLE_MODULES = YES;
				CLANG_ENABLE_OBJC_ARC = YES;
				CLANG_ENABLE_OBJC_WEAK = YES;
				CLANG_WARN_BLOCK_CAPTURE_AUTORELEASING = YES;
				CLANG_WARN_BOOL_CONVERSION = YES;
				CLANG_WARN_COMMA = YES;
				CLANG_WARN_CONSTANT_CONVERSION = YES;
				CLANG_WARN_DEPRECATED_OBJC_IMPLEMENTATIONS = YES;
				CLANG_WARN_DIRECT_OBJC_ISA_USAGE = YES_ERROR;
				CLANG_WARN_DOCUMENTATION_COMMENTS = YES;
				CLANG_WARN_EMPTY_BODY = YES;
				CLANG_WARN_ENUM_CONVERSION = YES;
				CLANG_WARN_INFINITE_RECURSION = YES;
				CLANG_WARN_INT_CONVERSION = YES;
				CLANG_WARN_NON_LITERAL_NULL_CONVERSION = YES;
				CLANG_WARN_OBJC_IMPLICIT_RETAIN_SELF = YES;
				CLANG_WARN_OBJC_LITERAL_CONVERSION = YES;
				CLANG_WARN_OBJC_ROOT_CLASS = YES_ERROR;
				CLANG_WARN_QUOTED_INCLUDE_IN_FRAMEWORK_HEADER = YES;
				CLANG_WARN_RANGE_LOOP_ANALYSIS = YES;
				CLANG_WARN_STRICT_PROTOTYPES = YES;
				CLANG_WARN_SUSPICIOUS_MOVE = YES;
				CLANG_WARN_UNGUARDED_AVAILABILITY = YES_AGGRESSIVE;
				CLANG_WARN_UNREACHABLE_CODE = YES;
				CLANG_WARN__DUPLICATE_METHOD_MATCH = YES;
				COPY_PHASE_STRIP = NO;
				DEBUG_INFORMATION_FORMAT = dwarf;
				ENABLE_STRICT_OBJC_MSGSEND = YES;
				ENABLE_TESTABILITY = YES;
				GCC_C_LANGUAGE_STANDARD = gnu11;
				GCC_DYNAMIC_NO_PIC = NO;
				GCC_NO_COMMON_BLOCKS = YES;
				GCC_OPTIMIZATION_LEVEL = 0;
				GCC_PREPROCESSOR_DEFINITIONS = (
					"DEBUG=1",
					"$(inherited)",
				);
				GCC_WARN_64_TO_32_BIT_CONVERSION = YES;
				GCC_WARN_ABOUT_RETURN_TYPE = YES_ERROR;
				GCC_WARN_UNDECLARED_SELECTOR = YES;
				GCC_WARN_UNINITIALIZED_AUTOS = YES_AGGRESSIVE;
				GCC_WARN_UNUSED_FUNCTION = YES;
				GCC_WARN_UNUSED_VARIABLE = YES;
				IPHONEOS_DEPLOYMENT_TARGET = 16.4;
				MTL_ENABLE_DEBUG_INFO = INCLUDE_SOURCE;
				MTL_FAST_MATH = YES;
				ONLY_ACTIVE_ARCH = YES;
				SDKROOT = iphoneos;
				SWIFT_ACTIVE_COMPILATION_CONDITIONS = DEBUG;
				SWIFT_OPTIMIZATION_LEVEL = "-Onone";
			};
			name = Debug;
		};
		848B02AF2B44E192002E84B3 /* Release */ = {
			isa = XCBuildConfiguration;
			buildSettings = {
				ALWAYS_SEARCH_USER_PATHS = NO;
				CLANG_ANALYZER_NONNULL = YES;
				CLANG_ANALYZER_NUMBER_OBJECT_CONVERSION = YES_AGGRESSIVE;
				CLANG_CXX_LANGUAGE_STANDARD = "gnu++20";
				CLANG_ENABLE_MODULES = YES;
				CLANG_ENABLE_OBJC_ARC = YES;
				CLANG_ENABLE_OBJC_WEAK = YES;
				CLANG_WARN_BLOCK_CAPTURE_AUTORELEASING = YES;
				CLANG_WARN_BOOL_CONVERSION = YES;
				CLANG_WARN_COMMA = YES;
				CLANG_WARN_CONSTANT_CONVERSION = YES;
				CLANG_WARN_DEPRECATED_OBJC_IMPLEMENTATIONS = YES;
				CLANG_WARN_DIRECT_OBJC_ISA_USAGE = YES_ERROR;
				CLANG_WARN_DOCUMENTATION_COMMENTS = YES;
				CLANG_WARN_EMPTY_BODY = YES;
				CLANG_WARN_ENUM_CONVERSION = YES;
				CLANG_WARN_INFINITE_RECURSION = YES;
				CLANG_WARN_INT_CONVERSION = YES;
				CLANG_WARN_NON_LITERAL_NULL_CONVERSION = YES;
				CLANG_WARN_OBJC_IMPLICIT_RETAIN_SELF = YES;
				CLANG_WARN_OBJC_LITERAL_CONVERSION = YES;
				CLANG_WARN_OBJC_ROOT_CLASS = YES_ERROR;
				CLANG_WARN_QUOTED_INCLUDE_IN_FRAMEWORK_HEADER = YES;
				CLANG_WARN_RANGE_LOOP_ANALYSIS = YES;
				CLANG_WARN_STRICT_PROTOTYPES = YES;
				CLANG_WARN_SUSPICIOUS_MOVE = YES;
				CLANG_WARN_UNGUARDED_AVAILABILITY = YES_AGGRESSIVE;
				CLANG_WARN_UNREACHABLE_CODE = YES;
				CLANG_WARN__DUPLICATE_METHOD_MATCH = YES;
				COPY_PHASE_STRIP = NO;
				DEBUG_INFORMATION_FORMAT = "dwarf-with-dsym";
				ENABLE_NS_ASSERTIONS = NO;
				ENABLE_STRICT_OBJC_MSGSEND = YES;
				GCC_C_LANGUAGE_STANDARD = gnu11;
				GCC_NO_COMMON_BLOCKS = YES;
				GCC_WARN_64_TO_32_BIT_CONVERSION = YES;
				GCC_WARN_ABOUT_RETURN_TYPE = YES_ERROR;
				GCC_WARN_UNDECLARED_SELECTOR = YES;
				GCC_WARN_UNINITIALIZED_AUTOS = YES_AGGRESSIVE;
				GCC_WARN_UNUSED_FUNCTION = YES;
				GCC_WARN_UNUSED_VARIABLE = YES;
				IPHONEOS_DEPLOYMENT_TARGET = 16.4;
				MTL_ENABLE_DEBUG_INFO = NO;
				MTL_FAST_MATH = YES;
				SDKROOT = iphoneos;
				SWIFT_COMPILATION_MODE = wholemodule;
				SWIFT_OPTIMIZATION_LEVEL = "-O";
				VALIDATE_PRODUCT = YES;
			};
			name = Release;
		};
		848B02B12B44E192002E84B3 /* Debug */ = {
			isa = XCBuildConfiguration;
			buildSettings = {
				ASSETCATALOG_COMPILER_APPICON_NAME = AppIcon;
				ASSETCATALOG_COMPILER_GLOBAL_ACCENT_COLOR_NAME = AccentColor;
				CODE_SIGN_STYLE = Automatic;
				CURRENT_PROJECT_VERSION = 1;
				GENERATE_INFOPLIST_FILE = YES;
				INFOPLIST_FILE = RandomColours/Info.plist;
				INFOPLIST_KEY_UIApplicationSupportsIndirectInputEvents = YES;
				INFOPLIST_KEY_UILaunchStoryboardName = LaunchScreen;
				INFOPLIST_KEY_UIMainStoryboardFile = Main;
				INFOPLIST_KEY_UISupportedInterfaceOrientations_iPad = "UIInterfaceOrientationPortrait UIInterfaceOrientationPortraitUpsideDown UIInterfaceOrientationLandscapeLeft UIInterfaceOrientationLandscapeRight";
				INFOPLIST_KEY_UISupportedInterfaceOrientations_iPhone = "UIInterfaceOrientationPortrait UIInterfaceOrientationLandscapeLeft UIInterfaceOrientationLandscapeRight";
				LD_RUNPATH_SEARCH_PATHS = (
					"$(inherited)",
					"@executable_path/Frameworks",
				);
				MARKETING_VERSION = 1.0;
				PRODUCT_BUNDLE_IDENTIFIER = com.maryna.RandomColours;
				PRODUCT_NAME = "$(TARGET_NAME)";
				SWIFT_EMIT_LOC_STRINGS = YES;
				SWIFT_VERSION = 5.0;
				TARGETED_DEVICE_FAMILY = "1,2";
			};
			name = Debug;
		};
		848B02B22B44E192002E84B3 /* Release */ = {
			isa = XCBuildConfiguration;
			buildSettings = {
				ASSETCATALOG_COMPILER_APPICON_NAME = AppIcon;
				ASSETCATALOG_COMPILER_GLOBAL_ACCENT_COLOR_NAME = AccentColor;
				CODE_SIGN_STYLE = Automatic;
				CURRENT_PROJECT_VERSION = 1;
				GENERATE_INFOPLIST_FILE = YES;
				INFOPLIST_FILE = RandomColours/Info.plist;
				INFOPLIST_KEY_UIApplicationSupportsIndirectInputEvents = YES;
				INFOPLIST_KEY_UILaunchStoryboardName = LaunchScreen;
				INFOPLIST_KEY_UIMainStoryboardFile = Main;
				INFOPLIST_KEY_UISupportedInterfaceOrientations_iPad = "UIInterfaceOrientationPortrait UIInterfaceOrientationPortraitUpsideDown UIInterfaceOrientationLandscapeLeft UIInterfaceOrientationLandscapeRight";
				INFOPLIST_KEY_UISupportedInterfaceOrientations_iPhone = "UIInterfaceOrientationPortrait UIInterfaceOrientationLandscapeLeft UIInterfaceOrientationLandscapeRight";
				LD_RUNPATH_SEARCH_PATHS = (
					"$(inherited)",
					"@executable_path/Frameworks",
				);
				MARKETING_VERSION = 1.0;
				PRODUCT_BUNDLE_IDENTIFIER = com.maryna.RandomColours;
				PRODUCT_NAME = "$(TARGET_NAME)";
				SWIFT_EMIT_LOC_STRINGS = YES;
				SWIFT_VERSION = 5.0;
				TARGETED_DEVICE_FAMILY = "1,2";
			};
			name = Release;
		};
		848B02B42B44E192002E84B3 /* Debug */ = {
			isa = XCBuildConfiguration;
			buildSettings = {
				ALWAYS_EMBED_SWIFT_STANDARD_LIBRARIES = YES;
				BUNDLE_LOADER = "$(TEST_HOST)";
				CODE_SIGN_STYLE = Automatic;
				CURRENT_PROJECT_VERSION = 1;
				GENERATE_INFOPLIST_FILE = YES;
				IPHONEOS_DEPLOYMENT_TARGET = 16.4;
				MARKETING_VERSION = 1.0;
				PRODUCT_BUNDLE_IDENTIFIER = com.maryna.RandomColoursTests;
				PRODUCT_NAME = "$(TARGET_NAME)";
				SWIFT_EMIT_LOC_STRINGS = NO;
				SWIFT_VERSION = 5.0;
				TARGETED_DEVICE_FAMILY = "1,2";
				TEST_HOST = "$(BUILT_PRODUCTS_DIR)/RandomColours.app/$(BUNDLE_EXECUTABLE_FOLDER_PATH)/RandomColours";
			};
			name = Debug;
		};
		848B02B52B44E192002E84B3 /* Release */ = {
			isa = XCBuildConfiguration;
			buildSettings = {
				ALWAYS_EMBED_SWIFT_STANDARD_LIBRARIES = YES;
				BUNDLE_LOADER = "$(TEST_HOST)";
				CODE_SIGN_STYLE = Automatic;
				CURRENT_PROJECT_VERSION = 1;
				GENERATE_INFOPLIST_FILE = YES;
				IPHONEOS_DEPLOYMENT_TARGET = 16.4;
				MARKETING_VERSION = 1.0;
				PRODUCT_BUNDLE_IDENTIFIER = com.maryna.RandomColoursTests;
				PRODUCT_NAME = "$(TARGET_NAME)";
				SWIFT_EMIT_LOC_STRINGS = NO;
				SWIFT_VERSION = 5.0;
				TARGETED_DEVICE_FAMILY = "1,2";
				TEST_HOST = "$(BUILT_PRODUCTS_DIR)/RandomColours.app/$(BUNDLE_EXECUTABLE_FOLDER_PATH)/RandomColours";
			};
			name = Release;
		};
		848B02B72B44E192002E84B3 /* Debug */ = {
			isa = XCBuildConfiguration;
			buildSettings = {
				ALWAYS_EMBED_SWIFT_STANDARD_LIBRARIES = YES;
				CODE_SIGN_STYLE = Automatic;
				CURRENT_PROJECT_VERSION = 1;
				GENERATE_INFOPLIST_FILE = YES;
				MARKETING_VERSION = 1.0;
				PRODUCT_BUNDLE_IDENTIFIER = com.maryna.RandomColoursUITests;
				PRODUCT_NAME = "$(TARGET_NAME)";
				SWIFT_EMIT_LOC_STRINGS = NO;
				SWIFT_VERSION = 5.0;
				TARGETED_DEVICE_FAMILY = "1,2";
				TEST_TARGET_NAME = RandomColours;
			};
			name = Debug;
		};
		848B02B82B44E192002E84B3 /* Release */ = {
			isa = XCBuildConfiguration;
			buildSettings = {
				ALWAYS_EMBED_SWIFT_STANDARD_LIBRARIES = YES;
				CODE_SIGN_STYLE = Automatic;
				CURRENT_PROJECT_VERSION = 1;
				GENERATE_INFOPLIST_FILE = YES;
				MARKETING_VERSION = 1.0;
				PRODUCT_BUNDLE_IDENTIFIER = com.maryna.RandomColoursUITests;
				PRODUCT_NAME = "$(TARGET_NAME)";
				SWIFT_EMIT_LOC_STRINGS = NO;
				SWIFT_VERSION = 5.0;
				TARGETED_DEVICE_FAMILY = "1,2";
				TEST_TARGET_NAME = RandomColours;
			};
			name = Release;
		};
/* End XCBuildConfiguration section */

/* Begin XCConfigurationList section */
		848B02812B44E190002E84B3 /* Build configuration list for PBXProject "RandomColours" */ = {
			isa = XCConfigurationList;
			buildConfigurations = (
				848B02AE2B44E192002E84B3 /* Debug */,
				848B02AF2B44E192002E84B3 /* Release */,
			);
			defaultConfigurationIsVisible = 0;
			defaultConfigurationName = Release;
		};
		848B02B02B44E192002E84B3 /* Build configuration list for PBXNativeTarget "RandomColours" */ = {
			isa = XCConfigurationList;
			buildConfigurations = (
				848B02B12B44E192002E84B3 /* Debug */,
				848B02B22B44E192002E84B3 /* Release */,
			);
			defaultConfigurationIsVisible = 0;
			defaultConfigurationName = Release;
		};
		848B02B32B44E192002E84B3 /* Build configuration list for PBXNativeTarget "RandomColoursTests" */ = {
			isa = XCConfigurationList;
			buildConfigurations = (
				848B02B42B44E192002E84B3 /* Debug */,
				848B02B52B44E192002E84B3 /* Release */,
			);
			defaultConfigurationIsVisible = 0;
			defaultConfigurationName = Release;
		};
		848B02B62B44E192002E84B3 /* Build configuration list for PBXNativeTarget "RandomColoursUITests" */ = {
			isa = XCConfigurationList;
			buildConfigurations = (
				848B02B72B44E192002E84B3 /* Debug */,
				848B02B82B44E192002E84B3 /* Release */,
			);
			defaultConfigurationIsVisible = 0;
			defaultConfigurationName = Release;
		};
/* End XCConfigurationList section */
	};
	rootObject = 848B027E2B44E190002E84B3 /* Project object */;
}
